// !$*UTF8*$!
{
	archiveVersion = 1;
	classes = {
	};
	objectVersion = 51;
	objects = {

/* Begin PBXBuildFile section */
		8034B608238D78D900F5B104 /* SwipeController.swift in Sources */ = {isa = PBXBuildFile; fileRef = 8034B607238D78D800F5B104 /* SwipeController.swift */; };
		80B14C9323859E4100D875EB /* CategoryViewController.swift in Sources */ = {isa = PBXBuildFile; fileRef = 80B14C9223859E4100D875EB /* CategoryViewController.swift */; };
		80B14C97238849E400D875EB /* Item.swift in Sources */ = {isa = PBXBuildFile; fileRef = 80B14C96238849E400D875EB /* Item.swift */; };
		80B14C99238849F500D875EB /* Category.swift in Sources */ = {isa = PBXBuildFile; fileRef = 80B14C98238849F500D875EB /* Category.swift */; };
		80F6E253237EC61100B073E9 /* AppDelegate.swift in Sources */ = {isa = PBXBuildFile; fileRef = 80F6E252237EC61100B073E9 /* AppDelegate.swift */; };
		80F6E255237EC61100B073E9 /* SceneDelegate.swift in Sources */ = {isa = PBXBuildFile; fileRef = 80F6E254237EC61100B073E9 /* SceneDelegate.swift */; };
		80F6E257237EC61100B073E9 /* TodoListViewController.swift in Sources */ = {isa = PBXBuildFile; fileRef = 80F6E256237EC61100B073E9 /* TodoListViewController.swift */; };
		80F6E25A237EC61100B073E9 /* Main.storyboard in Resources */ = {isa = PBXBuildFile; fileRef = 80F6E258237EC61100B073E9 /* Main.storyboard */; };
		80F6E25C237EC61600B073E9 /* Assets.xcassets in Resources */ = {isa = PBXBuildFile; fileRef = 80F6E25B237EC61600B073E9 /* Assets.xcassets */; };
		80F6E25F237EC61600B073E9 /* LaunchScreen.storyboard in Resources */ = {isa = PBXBuildFile; fileRef = 80F6E25D237EC61600B073E9 /* LaunchScreen.storyboard */; };
		EB864379CB035FFFA4E7ED86 /* Pods_Todoey.framework in Frameworks */ = {isa = PBXBuildFile; fileRef = 0ECD357E1521E2913B0B1478 /* Pods_Todoey.framework */; };
/* End PBXBuildFile section */

/* Begin PBXFileReference section */
		04AE40B9EFBB2190454E6BE7 /* Pods-Todoey.release.xcconfig */ = {isa = PBXFileReference; includeInIndex = 1; lastKnownFileType = text.xcconfig; name = "Pods-Todoey.release.xcconfig"; path = "Target Support Files/Pods-Todoey/Pods-Todoey.release.xcconfig"; sourceTree = "<group>"; };
		06B27CC34BE881F2ED2CD943 /* Pods-Todoey.debug.xcconfig */ = {isa = PBXFileReference; includeInIndex = 1; lastKnownFileType = text.xcconfig; name = "Pods-Todoey.debug.xcconfig"; path = "Target Support Files/Pods-Todoey/Pods-Todoey.debug.xcconfig"; sourceTree = "<group>"; };
		0ECD357E1521E2913B0B1478 /* Pods_Todoey.framework */ = {isa = PBXFileReference; explicitFileType = wrapper.framework; includeInIndex = 0; path = Pods_Todoey.framework; sourceTree = BUILT_PRODUCTS_DIR; };
		8034B607238D78D800F5B104 /* SwipeController.swift */ = {isa = PBXFileReference; lastKnownFileType = sourcecode.swift; path = SwipeController.swift; sourceTree = "<group>"; };
		80B14C9223859E4100D875EB /* CategoryViewController.swift */ = {isa = PBXFileReference; lastKnownFileType = sourcecode.swift; path = CategoryViewController.swift; sourceTree = "<group>"; };
		80B14C96238849E400D875EB /* Item.swift */ = {isa = PBXFileReference; lastKnownFileType = sourcecode.swift; path = Item.swift; sourceTree = "<group>"; };
		80B14C98238849F500D875EB /* Category.swift */ = {isa = PBXFileReference; lastKnownFileType = sourcecode.swift; path = Category.swift; sourceTree = "<group>"; };
		80F6E24F237EC61100B073E9 /* Todoey.app */ = {isa = PBXFileReference; explicitFileType = wrapper.application; includeInIndex = 0; path = Todoey.app; sourceTree = BUILT_PRODUCTS_DIR; };
		80F6E252237EC61100B073E9 /* AppDelegate.swift */ = {isa = PBXFileReference; lastKnownFileType = sourcecode.swift; path = AppDelegate.swift; sourceTree = "<group>"; };
		80F6E254237EC61100B073E9 /* SceneDelegate.swift */ = {isa = PBXFileReference; lastKnownFileType = sourcecode.swift; path = SceneDelegate.swift; sourceTree = "<group>"; };
		80F6E256237EC61100B073E9 /* TodoListViewController.swift */ = {isa = PBXFileReference; lastKnownFileType = sourcecode.swift; path = TodoListViewController.swift; sourceTree = "<group>"; };
		80F6E259237EC61100B073E9 /* Base */ = {isa = PBXFileReference; lastKnownFileType = file.storyboard; name = Base; path = Base.lproj/Main.storyboard; sourceTree = "<group>"; };
		80F6E25B237EC61600B073E9 /* Assets.xcassets */ = {isa = PBXFileReference; lastKnownFileType = folder.assetcatalog; path = Assets.xcassets; sourceTree = "<group>"; };
		80F6E25E237EC61600B073E9 /* Base */ = {isa = PBXFileReference; lastKnownFileType = file.storyboard; name = Base; path = Base.lproj/LaunchScreen.storyboard; sourceTree = "<group>"; };
		80F6E260237EC61600B073E9 /* Info.plist */ = {isa = PBXFileReference; lastKnownFileType = text.plist.xml; path = Info.plist; sourceTree = "<group>"; };
/* End PBXFileReference section */

/* Begin PBXFrameworksBuildPhase section */
		80F6E24C237EC61000B073E9 /* Frameworks */ = {
			isa = PBXFrameworksBuildPhase;
			buildActionMask = 2147483647;
			files = (
				EB864379CB035FFFA4E7ED86 /* Pods_Todoey.framework in Frameworks */,
			);
			runOnlyForDeploymentPostprocessing = 0;
		};
/* End PBXFrameworksBuildPhase section */

/* Begin PBXGroup section */
		04CCA90016697D469013C6B1 /* Pods */ = {
			isa = PBXGroup;
			children = (
				06B27CC34BE881F2ED2CD943 /* Pods-Todoey.debug.xcconfig */,
				04AE40B9EFBB2190454E6BE7 /* Pods-Todoey.release.xcconfig */,
			);
			path = Pods;
			sourceTree = "<group>";
		};
		80F6E246237EC61000B073E9 = {
			isa = PBXGroup;
			children = (
				80F6E251237EC61100B073E9 /* Todoey */,
				80F6E250237EC61100B073E9 /* Products */,
				04CCA90016697D469013C6B1 /* Pods */,
				8B309DCE430563A0DD11771F /* Frameworks */,
			);
			sourceTree = "<group>";
		};
		80F6E250237EC61100B073E9 /* Products */ = {
			isa = PBXGroup;
			children = (
				80F6E24F237EC61100B073E9 /* Todoey.app */,
			);
			name = Products;
			sourceTree = "<group>";
		};
		80F6E251237EC61100B073E9 /* Todoey */ = {
			isa = PBXGroup;
			children = (
				80F6E252237EC61100B073E9 /* AppDelegate.swift */,
				80F6E254237EC61100B073E9 /* SceneDelegate.swift */,
				80F6E26B2382412900B073E9 /* Data Model */,
				80F6E26D238241E600B073E9 /* Views */,
				80F6E266238240BD00B073E9 /* Controllers */,
				80F6E26C2382414400B073E9 /* Supporting files */,
				80F6E260237EC61600B073E9 /* Info.plist */,
			);
			path = Todoey;
			sourceTree = "<group>";
		};
		80F6E266238240BD00B073E9 /* Controllers */ = {
			isa = PBXGroup;
			children = (
				8034B607238D78D800F5B104 /* SwipeController.swift */,
				80B14C9223859E4100D875EB /* CategoryViewController.swift */,
				80F6E256237EC61100B073E9 /* TodoListViewController.swift */,
			);
			path = Controllers;
			sourceTree = "<group>";
		};
		80F6E26B2382412900B073E9 /* Data Model */ = {
			isa = PBXGroup;
			children = (
				80B14C98238849F500D875EB /* Category.swift */,
				80B14C96238849E400D875EB /* Item.swift */,
			);
			path = "Data Model";
			sourceTree = "<group>";
		};
		80F6E26C2382414400B073E9 /* Supporting files */ = {
			isa = PBXGroup;
			children = (
				80F6E25B237EC61600B073E9 /* Assets.xcassets */,
				80F6E25D237EC61600B073E9 /* LaunchScreen.storyboard */,
			);
			path = "Supporting files";
			sourceTree = "<group>";
		};
		80F6E26D238241E600B073E9 /* Views */ = {
			isa = PBXGroup;
			children = (
				80F6E258237EC61100B073E9 /* Main.storyboard */,
			);
			path = Views;
			sourceTree = "<group>";
		};
		8B309DCE430563A0DD11771F /* Frameworks */ = {
			isa = PBXGroup;
			children = (
				0ECD357E1521E2913B0B1478 /* Pods_Todoey.framework */,
			);
			name = Frameworks;
			sourceTree = "<group>";
		};
/* End PBXGroup section */

/* Begin PBXNativeTarget section */
		80F6E24E237EC61000B073E9 /* Todoey */ = {
			isa = PBXNativeTarget;
			buildConfigurationList = 80F6E263237EC61600B073E9 /* Build configuration list for PBXNativeTarget "Todoey" */;
			buildPhases = (
				C6E415E29BAC8E5AB8E741E8 /* [CP] Check Pods Manifest.lock */,
				80F6E24B237EC61000B073E9 /* Sources */,
				80F6E24C237EC61000B073E9 /* Frameworks */,
				80F6E24D237EC61000B073E9 /* Resources */,
				605BD911DB2C8A1F125D3680 /* [CP] Embed Pods Frameworks */,
			);
			buildRules = (
			);
			dependencies = (
			);
			name = Todoey;
			productName = Todoey;
			productReference = 80F6E24F237EC61100B073E9 /* Todoey.app */;
			productType = "com.apple.product-type.application";
		};
/* End PBXNativeTarget section */

/* Begin PBXProject section */
		80F6E247237EC61000B073E9 /* Project object */ = {
			isa = PBXProject;
			attributes = {
				LastSwiftUpdateCheck = 1120;
				LastUpgradeCheck = 1120;
				ORGANIZATIONNAME = "Byungsuk Choi";
				TargetAttributes = {
					80F6E24E237EC61000B073E9 = {
						CreatedOnToolsVersion = 11.2;
					};
				};
			};
			buildConfigurationList = 80F6E24A237EC61000B073E9 /* Build configuration list for PBXProject "Todoey" */;
			compatibilityVersion = "Xcode 9.3";
			developmentRegion = en;
			hasScannedForEncodings = 0;
			knownRegions = (
				en,
				Base,
			);
			mainGroup = 80F6E246237EC61000B073E9;
			productRefGroup = 80F6E250237EC61100B073E9 /* Products */;
			projectDirPath = "";
			projectRoot = "";
			targets = (
				80F6E24E237EC61000B073E9 /* Todoey */,
			);
		};
/* End PBXProject section */

/* Begin PBXResourcesBuildPhase section */
		80F6E24D237EC61000B073E9 /* Resources */ = {
			isa = PBXResourcesBuildPhase;
			buildActionMask = 2147483647;
			files = (
				80F6E25F237EC61600B073E9 /* LaunchScreen.storyboard in Resources */,
				80F6E25C237EC61600B073E9 /* Assets.xcassets in Resources */,
				80F6E25A237EC61100B073E9 /* Main.storyboard in Resources */,
			);
			runOnlyForDeploymentPostprocessing = 0;
		};
/* End PBXResourcesBuildPhase section */

/* Begin PBXShellScriptBuildPhase section */
		605BD911DB2C8A1F125D3680 /* [CP] Embed Pods Frameworks */ = {
			isa = PBXShellScriptBuildPhase;
			buildActionMask = 2147483647;
			files = (
			);
			inputFileListPaths = (
				"${PODS_ROOT}/Target Support Files/Pods-Todoey/Pods-Todoey-frameworks-${CONFIGURATION}-input-files.xcfilelist",
			);
			name = "[CP] Embed Pods Frameworks";
			outputFileListPaths = (
				"${PODS_ROOT}/Target Support Files/Pods-Todoey/Pods-Todoey-frameworks-${CONFIGURATION}-output-files.xcfilelist",
			);
			runOnlyForDeploymentPostprocessing = 0;
			shellPath = /bin/sh;
			shellScript = "\"${PODS_ROOT}/Target Support Files/Pods-Todoey/Pods-Todoey-frameworks.sh\"\n";
			showEnvVarsInLog = 0;
		};
		C6E415E29BAC8E5AB8E741E8 /* [CP] Check Pods Manifest.lock */ = {
			isa = PBXShellScriptBuildPhase;
			buildActionMask = 2147483647;
			files = (
			);
			inputFileListPaths = (
			);
			inputPaths = (
				"${PODS_PODFILE_DIR_PATH}/Podfile.lock",
				"${PODS_ROOT}/Manifest.lock",
			);
			name = "[CP] Check Pods Manifest.lock";
			outputFileListPaths = (
			);
			outputPaths = (
				"$(DERIVED_FILE_DIR)/Pods-Todoey-checkManifestLockResult.txt",
			);
			runOnlyForDeploymentPostprocessing = 0;
			shellPath = /bin/sh;
			shellScript = "diff \"${PODS_PODFILE_DIR_PATH}/Podfile.lock\" \"${PODS_ROOT}/Manifest.lock\" > /dev/null\nif [ $? != 0 ] ; then\n    # print error to STDERR\n    echo \"error: The sandbox is not in sync with the Podfile.lock. Run 'pod install' or update your CocoaPods installation.\" >&2\n    exit 1\nfi\n# This output is used by Xcode 'outputs' to avoid re-running this script phase.\necho \"SUCCESS\" > \"${SCRIPT_OUTPUT_FILE_0}\"\n";
			showEnvVarsInLog = 0;
		};
/* End PBXShellScriptBuildPhase section */

/* Begin PBXSourcesBuildPhase section */
		80F6E24B237EC61000B073E9 /* Sources */ = {
			isa = PBXSourcesBuildPhase;
			buildActionMask = 2147483647;
			files = (
				80B14C9323859E4100D875EB /* CategoryViewController.swift in Sources */,
				8034B608238D78D900F5B104 /* SwipeController.swift in Sources */,
				80F6E257237EC61100B073E9 /* TodoListViewController.swift in Sources */,
				80F6E253237EC61100B073E9 /* AppDelegate.swift in Sources */,
				80B14C97238849E400D875EB /* Item.swift in Sources */,
				80F6E255237EC61100B073E9 /* SceneDelegate.swift in Sources */,
				80B14C99238849F500D875EB /* Category.swift in Sources */,
			);
			runOnlyForDeploymentPostprocessing = 0;
		};
/* End PBXSourcesBuildPhase section */

/* Begin PBXVariantGroup section */
		80F6E258237EC61100B073E9 /* Main.storyboard */ = {
			isa = PBXVariantGroup;
			children = (
				80F6E259237EC61100B073E9 /* Base */,
			);
			name = Main.storyboard;
			sourceTree = "<group>";
		};
		80F6E25D237EC61600B073E9 /* LaunchScreen.storyboard */ = {
			isa = PBXVariantGroup;
			children = (
				80F6E25E237EC61600B073E9 /* Base */,
			);
			name = LaunchScreen.storyboard;
			sourceTree = "<group>";
		};
/* End PBXVariantGroup section */

/* Begin XCBuildConfiguration section */
		80F6E261237EC61600B073E9 /* Debug */ = {
			isa = XCBuildConfiguration;
			buildSettings = {
				ALWAYS_SEARCH_USER_PATHS = NO;
				CLANG_ANALYZER_NONNULL = YES;
				CLANG_ANALYZER_NUMBER_OBJECT_CONVERSION = YES_AGGRESSIVE;
				CLANG_CXX_LANGUAGE_STANDARD = "gnu++14";
				CLANG_CXX_LIBRARY = "libc++";
				CLANG_ENABLE_MODULES = YES;
				CLANG_ENABLE_OBJC_ARC = YES;
				CLANG_ENABLE_OBJC_WEAK = YES;
				CLANG_WARN_BLOCK_CAPTURE_AUTORELEASING = YES;
				CLANG_WARN_BOOL_CONVERSION = YES;
				CLANG_WARN_COMMA = YES;
				CLANG_WARN_CONSTANT_CONVERSION = YES;
				CLANG_WARN_DEPRECATED_OBJC_IMPLEMENTATIONS = YES;
				CLANG_WARN_DIRECT_OBJC_ISA_USAGE = YES_ERROR;
				CLANG_WARN_DOCUMENTATION_COMMENTS = YES;
				CLANG_WARN_EMPTY_BODY = YES;
				CLANG_WARN_ENUM_CONVERSION = YES;
				CLANG_WARN_INFINITE_RECURSION = YES;
				CLANG_WARN_INT_CONVERSION = YES;
				CLANG_WARN_NON_LITERAL_NULL_CONVERSION = YES;
				CLANG_WARN_OBJC_IMPLICIT_RETAIN_SELF = YES;
				CLANG_WARN_OBJC_LITERAL_CONVERSION = YES;
				CLANG_WARN_OBJC_ROOT_CLASS = YES_ERROR;
				CLANG_WARN_RANGE_LOOP_ANALYSIS = YES;
				CLANG_WARN_STRICT_PROTOTYPES = YES;
				CLANG_WARN_SUSPICIOUS_MOVE = YES;
				CLANG_WARN_UNGUARDED_AVAILABILITY = YES_AGGRESSIVE;
				CLANG_WARN_UNREACHABLE_CODE = YES;
				CLANG_WARN__DUPLICATE_METHOD_MATCH = YES;
				COPY_PHASE_STRIP = NO;
				DEBUG_INFORMATION_FORMAT = dwarf;
				ENABLE_STRICT_OBJC_MSGSEND = YES;
				ENABLE_TESTABILITY = YES;
				GCC_C_LANGUAGE_STANDARD = gnu11;
				GCC_DYNAMIC_NO_PIC = NO;
				GCC_NO_COMMON_BLOCKS = YES;
				GCC_OPTIMIZATION_LEVEL = 0;
				GCC_PREPROCESSOR_DEFINITIONS = (
					"DEBUG=1",
					"$(inherited)",
				);
				GCC_WARN_64_TO_32_BIT_CONVERSION = YES;
				GCC_WARN_ABOUT_RETURN_TYPE = YES_ERROR;
				GCC_WARN_UNDECLARED_SELECTOR = YES;
				GCC_WARN_UNINITIALIZED_AUTOS = YES_AGGRESSIVE;
				GCC_WARN_UNUSED_FUNCTION = YES;
				GCC_WARN_UNUSED_VARIABLE = YES;
				IPHONEOS_DEPLOYMENT_TARGET = 13.2;
				MTL_ENABLE_DEBUG_INFO = INCLUDE_SOURCE;
				MTL_FAST_MATH = YES;
				ONLY_ACTIVE_ARCH = YES;
				SDKROOT = iphoneos;
				SWIFT_ACTIVE_COMPILATION_CONDITIONS = DEBUG;
				SWIFT_OPTIMIZATION_LEVEL = "-Onone";
			};
			name = Debug;
		};
		80F6E262237EC61600B073E9 /* Release */ = {
			isa = XCBuildConfiguration;
			buildSettings = {
				ALWAYS_SEARCH_USER_PATHS = NO;
				CLANG_ANALYZER_NONNULL = YES;
				CLANG_ANALYZER_NUMBER_OBJECT_CONVERSION = YES_AGGRESSIVE;
				CLANG_CXX_LANGUAGE_STANDARD = "gnu++14";
				CLANG_CXX_LIBRARY = "libc++";
				CLANG_ENABLE_MODULES = YES;
				CLANG_ENABLE_OBJC_ARC = YES;
				CLANG_ENABLE_OBJC_WEAK = YES;
				CLANG_WARN_BLOCK_CAPTURE_AUTORELEASING = YES;
				CLANG_WARN_BOOL_CONVERSION = YES;
				CLANG_WARN_COMMA = YES;
				CLANG_WARN_CONSTANT_CONVERSION = YES;
				CLANG_WARN_DEPRECATED_OBJC_IMPLEMENTATIONS = YES;
				CLANG_WARN_DIRECT_OBJC_ISA_USAGE = YES_ERROR;
				CLANG_WARN_DOCUMENTATION_COMMENTS = YES;
				CLANG_WARN_EMPTY_BODY = YES;
				CLANG_WARN_ENUM_CONVERSION = YES;
				CLANG_WARN_INFINITE_RECURSION = YES;
				CLANG_WARN_INT_CONVERSION = YES;
				CLANG_WARN_NON_LITERAL_NULL_CONVERSION = YES;
				CLANG_WARN_OBJC_IMPLICIT_RETAIN_SELF = YES;
				CLANG_WARN_OBJC_LITERAL_CONVERSION = YES;
				CLANG_WARN_OBJC_ROOT_CLASS = YES_ERROR;
				CLANG_WARN_RANGE_LOOP_ANALYSIS = YES;
				CLANG_WARN_STRICT_PROTOTYPES = YES;
				CLANG_WARN_SUSPICIOUS_MOVE = YES;
				CLANG_WARN_UNGUARDED_AVAILABILITY = YES_AGGRESSIVE;
				CLANG_WARN_UNREACHABLE_CODE = YES;
				CLANG_WARN__DUPLICATE_METHOD_MATCH = YES;
				COPY_PHASE_STRIP = NO;
				DEBUG_INFORMATION_FORMAT = "dwarf-with-dsym";
				ENABLE_NS_ASSERTIONS = NO;
				ENABLE_STRICT_OBJC_MSGSEND = YES;
				GCC_C_LANGUAGE_STANDARD = gnu11;
				GCC_NO_COMMON_BLOCKS = YES;
				GCC_WARN_64_TO_32_BIT_CONVERSION = YES;
				GCC_WARN_ABOUT_RETURN_TYPE = YES_ERROR;
				GCC_WARN_UNDECLARED_SELECTOR = YES;
				GCC_WARN_UNINITIALIZED_AUTOS = YES_AGGRESSIVE;
				GCC_WARN_UNUSED_FUNCTION = YES;
				GCC_WARN_UNUSED_VARIABLE = YES;
				IPHONEOS_DEPLOYMENT_TARGET = 13.2;
				MTL_ENABLE_DEBUG_INFO = NO;
				MTL_FAST_MATH = YES;
				SDKROOT = iphoneos;
				SWIFT_COMPILATION_MODE = wholemodule;
				SWIFT_OPTIMIZATION_LEVEL = "-O";
				VALIDATE_PRODUCT = YES;
			};
			name = Release;
		};
		80F6E264237EC61600B073E9 /* Debug */ = {
			isa = XCBuildConfiguration;
			baseConfigurationReference = 06B27CC34BE881F2ED2CD943 /* Pods-Todoey.debug.xcconfig */;
			buildSettings = {
				ASSETCATALOG_COMPILER_APPICON_NAME = AppIcon;
				CODE_SIGN_STYLE = Automatic;
				DEVELOPMENT_TEAM = AL57FR73W7;
				INFOPLIST_FILE = Todoey/Info.plist;
				LD_RUNPATH_SEARCH_PATHS = (
					"$(inherited)",
					"@executable_path/Frameworks",
				);
				PRODUCT_BUNDLE_IDENTIFIER = nuburi.Todoey;
				PRODUCT_NAME = "$(TARGET_NAME)";
				SWIFT_VERSION = 5.0;
				TARGETED_DEVICE_FAMILY = "1,2";
			};
			name = Debug;
		};
		80F6E265237EC61600B073E9 /* Release */ = {
			isa = XCBuildConfiguration;
			baseConfigurationReference = 04AE40B9EFBB2190454E6BE7 /* Pods-Todoey.release.xcconfig */;
			buildSettings = {
				ASSETCATALOG_COMPILER_APPICON_NAME = AppIcon;
				CODE_SIGN_STYLE = Automatic;
				DEVELOPMENT_TEAM = AL57FR73W7;
				INFOPLIST_FILE = Todoey/Info.plist;
				LD_RUNPATH_SEARCH_PATHS = (
					"$(inherited)",
					"@executable_path/Frameworks",
				);
				PRODUCT_BUNDLE_IDENTIFIER = nuburi.Todoey;
				PRODUCT_NAME = "$(TARGET_NAME)";
				SWIFT_VERSION = 5.0;
				TARGETED_DEVICE_FAMILY = "1,2";
			};
			name = Release;
		};
/* End XCBuildConfiguration section */

/* Begin XCConfigurationList section */
		80F6E24A237EC61000B073E9 /* Build configuration list for PBXProject "Todoey" */ = {
			isa = XCConfigurationList;
			buildConfigurations = (
				80F6E261237EC61600B073E9 /* Debug */,
				80F6E262237EC61600B073E9 /* Release */,
			);
			defaultConfigurationIsVisible = 0;
			defaultConfigurationName = Release;
		};
		80F6E263237EC61600B073E9 /* Build configuration list for PBXNativeTarget "Todoey" */ = {
			isa = XCConfigurationList;
			buildConfigurations = (
				80F6E264237EC61600B073E9 /* Debug */,
				80F6E265237EC61600B073E9 /* Release */,
			);
			defaultConfigurationIsVisible = 0;
			defaultConfigurationName = Release;
		};
/* End XCConfigurationList section */
	};
	rootObject = 80F6E247237EC61000B073E9 /* Project object */;
}
